
Microsoft Visual Studio Solution File, Format Version 12.00
# Visual Studio Version 16
VisualStudioVersion = 16.0.29418.71
MinimumVisualStudioVersion = 10.0.40219.1
Project("{2150E333-8FDC-42A3-9474-1A3956D46DE8}") = "Solution Items", "Solution Items", "{CEEF8191-6973-4050-9FF4-EE23C9D2F7D9}"
	ProjectSection(SolutionItems) = preProject
		.gitattributes = .gitattributes
		.gitignore = .gitignore
		.travis.yml = .travis.yml
		LICENSE = LICENSE
		README.md = README.md
	EndProjectSection
EndProject
Project("{9A19103F-16F7-4668-BE54-9A1E7A4F7556}") = "DataAssemblyLine", "DataAssemblyLine\DataAssemblyLine.csproj", "{825FB00C-2BAD-4B65-9FEC-D09470867F63}"
EndProject
Project("{FAE04EC0-301F-11D3-BF4B-00C04F79EFBC}") = "DataAssemblyLine.Infrastructure", "DataAssemblyLine.Infrastructure\DataAssemblyLine.Infrastructure.csproj", "{D612BFEC-88DE-4608-9CFD-E40510DB7237}"
EndProject
Project("{FAE04EC0-301F-11D3-BF4B-00C04F79EFBC}") = "DataAssemblyLine.CoordinatorService", "DataAssemblyLine.CoordinatorService\DataAssemblyLine.CoordinatorService.csproj", "{7C6CF5DE-054C-4300-AFF1-C04D3AD8964D}"
EndProject
Global
	GlobalSection(SolutionConfigurationPlatforms) = preSolution
		Debug|Any CPU = Debug|Any CPU
		Release|Any CPU = Release|Any CPU
	EndGlobalSection
	GlobalSection(ProjectConfigurationPlatforms) = postSolution
		{825FB00C-2BAD-4B65-9FEC-D09470867F63}.Debug|Any CPU.ActiveCfg = Debug|Any CPU
		{825FB00C-2BAD-4B65-9FEC-D09470867F63}.Debug|Any CPU.Build.0 = Debug|Any CPU
		{825FB00C-2BAD-4B65-9FEC-D09470867F63}.Release|Any CPU.ActiveCfg = Release|Any CPU
		{825FB00C-2BAD-4B65-9FEC-D09470867F63}.Release|Any CPU.Build.0 = Release|Any CPU
		{D612BFEC-88DE-4608-9CFD-E40510DB7237}.Debug|Any CPU.ActiveCfg = Debug|Any CPU
		{D612BFEC-88DE-4608-9CFD-E40510DB7237}.Debug|Any CPU.Build.0 = Debug|Any CPU
		{D612BFEC-88DE-4608-9CFD-E40510DB7237}.Release|Any CPU.ActiveCfg = Release|Any CPU
		{D612BFEC-88DE-4608-9CFD-E40510DB7237}.Release|Any CPU.Build.0 = Release|Any CPU
		{7C6CF5DE-054C-4300-AFF1-C04D3AD8964D}.Debug|Any CPU.ActiveCfg = Debug|Any CPU
		{7C6CF5DE-054C-4300-AFF1-C04D3AD8964D}.Debug|Any CPU.Build.0 = Debug|Any CPU
		{7C6CF5DE-054C-4300-AFF1-C04D3AD8964D}.Release|Any CPU.ActiveCfg = Release|Any CPU
		{7C6CF5DE-054C-4300-AFF1-C04D3AD8964D}.Release|Any CPU.Build.0 = Release|Any CPU
	EndGlobalSection
	GlobalSection(SolutionProperties) = preSolution
		HideSolutionNode = FALSE
	EndGlobalSection
	GlobalSection(ExtensibilityGlobals) = postSolution
		SolutionGuid = {25369BF8-B9F2-4CA8-9663-DFB54DC2A9B8}
	EndGlobalSection
EndGlobal
